github.com/julienschmidt/httprouter v1.3.0 h1:U0609e9tgbseu3rBINet9P48AI/D3oJs4dN7jwJOQ1U=
github.com/julienschmidt/httprouter v1.3.0/go.mod h1:JR6WtHb+2LUe8TCKY3cZOxFyyO8IZAc4RVcycCCAKdM=
github.com/rh-eu/golang-example-for-testing-che v0.0.0-20200904073802-77d551fcb28a h1:NI6sm3gEd2M5byZRtNJciqi5hUbDF3njvJCRqA8Lc6M=
