github.com/julienschmidt/httprouter v1.3.0 h1:U0609e9tgbseu3rBINet9P48AI/D3oJs4dN7jwJOQ1U=
github.com/julienschmidt/httprouter v1.3.0/go.mod h1:JR6WtHb+2LUe8TCKY3cZOxFyyO8IZAc4RVcycCCAKdM=
github.com/rh-eu/golang-example-for-testing-che v0.0.0-20200904073802-77d551fcb28a h1:NI6sm3gEd2M5byZRtNJciqi5hUbDF3njvJCRqA8Lc6M=
github.com/shurcooL/httpfs v0.0.0-20190707220628-8d4bc4ba7749 h1:bUGsEnyNbVPw06Bs80sCeARAlK8lhwqGyi6UT8ymuGk=
github.com/shurcooL/httpfs v0.0.0-20190707220628-8d4bc4ba7749/go.mod h1:ZY1cvUeJuFPAdZ/B6v7RHavJWZn2YPVFQ1OSXhCGOkg=
github.com/shurcooL/vfsgen v0.0.0-20200824052919-0d455de96546 h1:pXY9qYc/MP5zdvqWEUH6SjNiu7VhSjuVFTFiTcphaLU=
github.com/shurcooL/vfsgen v0.0.0-20200824052919-0d455de96546/go.mod h1:TrYk7fJVaAttu97ZZKrO9UbRa8izdowaMIZcxYMbVaw=
